
Microsoft Visual Studio Solution File, Format Version 12.00
# Visual Studio Version 16
VisualStudioVersion = 16.0.31605.320
MinimumVisualStudioVersion = 10.0.40219.1
Project("{9A19103F-16F7-4668-BE54-9A1E7A4F7556}") = "GraphicsSystem", "GraphicsSystem\GraphicsSystem.csproj", "{FD9BC88A-A33A-408F-8164-135985FFE44A}"
EndProject
Project("{FAE04EC0-301F-11D3-BF4B-00C04F79EFBC}") = "GifParser", "GifParser\GifParser.csproj", "{2B37EC01-D4D5-485F-9F23-7924E40C02CC}"
EndProject
Project("{FAE04EC0-301F-11D3-BF4B-00C04F79EFBC}") = "GifTesting", "GifTesting\GifTesting.csproj", "{197C6354-F2B2-465B-8222-D5E0E7086A6D}"
EndProject
Global
	GlobalSection(SolutionConfigurationPlatforms) = preSolution
		Debug|Any CPU = Debug|Any CPU
		Release|Any CPU = Release|Any CPU
	EndGlobalSection
	GlobalSection(ProjectConfigurationPlatforms) = postSolution
		{FD9BC88A-A33A-408F-8164-135985FFE44A}.Debug|Any CPU.ActiveCfg = Debug|Any CPU
		{FD9BC88A-A33A-408F-8164-135985FFE44A}.Debug|Any CPU.Build.0 = Debug|Any CPU
		{FD9BC88A-A33A-408F-8164-135985FFE44A}.Release|Any CPU.ActiveCfg = Release|Any CPU
		{FD9BC88A-A33A-408F-8164-135985FFE44A}.Release|Any CPU.Build.0 = Release|Any CPU
		{2B37EC01-D4D5-485F-9F23-7924E40C02CC}.Debug|Any CPU.ActiveCfg = Debug|Any CPU
		{2B37EC01-D4D5-485F-9F23-7924E40C02CC}.Debug|Any CPU.Build.0 = Debug|Any CPU
		{2B37EC01-D4D5-485F-9F23-7924E40C02CC}.Release|Any CPU.ActiveCfg = Release|Any CPU
		{2B37EC01-D4D5-485F-9F23-7924E40C02CC}.Release|Any CPU.Build.0 = Release|Any CPU
		{197C6354-F2B2-465B-8222-D5E0E7086A6D}.Debug|Any CPU.ActiveCfg = Debug|Any CPU
		{197C6354-F2B2-465B-8222-D5E0E7086A6D}.Debug|Any CPU.Build.0 = Debug|Any CPU
		{197C6354-F2B2-465B-8222-D5E0E7086A6D}.Release|Any CPU.ActiveCfg = Release|Any CPU
		{197C6354-F2B2-465B-8222-D5E0E7086A6D}.Release|Any CPU.Build.0 = Release|Any CPU
	EndGlobalSection
	GlobalSection(SolutionProperties) = preSolution
		HideSolutionNode = FALSE
	EndGlobalSection
	GlobalSection(ExtensibilityGlobals) = postSolution
		SolutionGuid = {63DDFA23-6922-40A5-A948-DB8AA57D1864}
	EndGlobalSection
EndGlobal
